
Microsoft Visual Studio Solution File, Format Version 12.00
# Visual Studio 2012
Project("{FAE04EC0-301F-11D3-BF4B-00C04F79EFBC}") = "ResharperPlugins", "ResharperPlugins.csproj", "{D14E445F-D4F5-4D69-9BD4-255AF00B892C}"
EndProject
Global
	GlobalSection(SolutionConfigurationPlatforms) = preSolution
		Debug|Any CPU = Debug|Any CPU
		Release|Any CPU = Release|Any CPU
	EndGlobalSection
	GlobalSection(ProjectConfigurationPlatforms) = postSolution
		{D14E445F-D4F5-4D69-9BD4-255AF00B892C}.Debug|Any CPU.ActiveCfg = Debug|Any CPU
		{D14E445F-D4F5-4D69-9BD4-255AF00B892C}.Debug|Any CPU.Build.0 = Debug|Any CPU
		{D14E445F-D4F5-4D69-9BD4-255AF00B892C}.Release|Any CPU.ActiveCfg = Release|Any CPU
		{D14E445F-D4F5-4D69-9BD4-255AF00B892C}.Release|Any CPU.Build.0 = Release|Any CPU
	EndGlobalSection
	GlobalSection(SolutionProperties) = preSolution
		HideSolutionNode = FALSE
	EndGlobalSection
EndGlobal
